// !$*UTF8*$!
{
	archiveVersion = 1;
	classes = {
	};
	objectVersion = 77;
	objects = {

/* Begin PBXBuildFile section */
		2A5B324F2D49A1F3006A5F4D /* MarkdownUI in Frameworks */ = {isa = PBXBuildFile; productRef = 2A5B324E2D49A1F3006A5F4D /* MarkdownUI */; };
		2A9BFDB62D1F3CEC00A8F121 /* WritingToolsKeyboardExt.appex in Embed Foundation Extensions */ = {isa = PBXBuildFile; fileRef = 2A9BFDAF2D1F3CEC00A8F121 /* WritingToolsKeyboardExt.appex */; settings = {ATTRIBUTES = (RemoveHeadersOnCopy, ); }; };
		2AE4C8472D470FA40042EB1F /* MLX in Frameworks */ = {isa = PBXBuildFile; productRef = 2AE4C8462D470FA40042EB1F /* MLX */; };
		2AE4C8492D470FA40042EB1F /* MLXFFT in Frameworks */ = {isa = PBXBuildFile; productRef = 2AE4C8482D470FA40042EB1F /* MLXFFT */; };
		2AE4C84B2D470FA40042EB1F /* MLXFast in Frameworks */ = {isa = PBXBuildFile; productRef = 2AE4C84A2D470FA40042EB1F /* MLXFast */; };
		2AE4C84D2D470FA40042EB1F /* MLXLinalg in Frameworks */ = {isa = PBXBuildFile; productRef = 2AE4C84C2D470FA40042EB1F /* MLXLinalg */; };
		2AE4C84F2D470FA40042EB1F /* MLXNN in Frameworks */ = {isa = PBXBuildFile; productRef = 2AE4C84E2D470FA40042EB1F /* MLXNN */; };
		2AE4C8522D470FC00042EB1F /* MLXLLM in Frameworks */ = {isa = PBXBuildFile; productRef = 2AE4C8512D470FC00042EB1F /* MLXLLM */; };
		2AE4C8542D470FC00042EB1F /* MLXLMCommon in Frameworks */ = {isa = PBXBuildFile; productRef = 2AE4C8532D470FC00042EB1F /* MLXLMCommon */; };
		2AE4C8562D470FC00042EB1F /* MLXMNIST in Frameworks */ = {isa = PBXBuildFile; productRef = 2AE4C8552D470FC00042EB1F /* MLXMNIST */; };
		2AE4C8582D470FC00042EB1F /* MLXVLM in Frameworks */ = {isa = PBXBuildFile; productRef = 2AE4C8572D470FC00042EB1F /* MLXVLM */; };
		2AE4C85A2D470FC00042EB1F /* StableDiffusion in Frameworks */ = {isa = PBXBuildFile; productRef = 2AE4C8592D470FC00042EB1F /* StableDiffusion */; };
		2AE4C85C2D470FD40042EB1F /* MLX in Frameworks */ = {isa = PBXBuildFile; productRef = 2AE4C85B2D470FD40042EB1F /* MLX */; };
		2AE4C85E2D470FD40042EB1F /* MLXFFT in Frameworks */ = {isa = PBXBuildFile; productRef = 2AE4C85D2D470FD40042EB1F /* MLXFFT */; };
		2AE4C8602D470FD40042EB1F /* MLXFast in Frameworks */ = {isa = PBXBuildFile; productRef = 2AE4C85F2D470FD40042EB1F /* MLXFast */; };
		2AE4C8622D470FD40042EB1F /* MLXLinalg in Frameworks */ = {isa = PBXBuildFile; productRef = 2AE4C8612D470FD40042EB1F /* MLXLinalg */; };
		2AE4C8642D470FD40042EB1F /* MLXNN in Frameworks */ = {isa = PBXBuildFile; productRef = 2AE4C8632D470FD40042EB1F /* MLXNN */; };
		2AE4C8662D470FF70042EB1F /* MLXLLM in Frameworks */ = {isa = PBXBuildFile; productRef = 2AE4C8652D470FF70042EB1F /* MLXLLM */; };
		2AE4C8682D470FF70042EB1F /* MLXLMCommon in Frameworks */ = {isa = PBXBuildFile; productRef = 2AE4C8672D470FF70042EB1F /* MLXLMCommon */; };
		2AE4C86A2D470FF70042EB1F /* MLXMNIST in Frameworks */ = {isa = PBXBuildFile; productRef = 2AE4C8692D470FF70042EB1F /* MLXMNIST */; };
		2AE4C86C2D470FF70042EB1F /* MLXVLM in Frameworks */ = {isa = PBXBuildFile; productRef = 2AE4C86B2D470FF70042EB1F /* MLXVLM */; };
		2AE4C86E2D470FF70042EB1F /* StableDiffusion in Frameworks */ = {isa = PBXBuildFile; productRef = 2AE4C86D2D470FF70042EB1F /* StableDiffusion */; };
/* End PBXBuildFile section */

/* Begin PBXContainerItemProxy section */
		2A9BFD8F2D1F3CD000A8F121 /* PBXContainerItemProxy */ = {
			isa = PBXContainerItemProxy;
			containerPortal = 2A9BFD762D1F3CCF00A8F121 /* Project object */;
			proxyType = 1;
			remoteGlobalIDString = 2A9BFD7D2D1F3CCF00A8F121;
			remoteInfo = WritingToolsKeyboard;
		};
		2A9BFD992D1F3CD000A8F121 /* PBXContainerItemProxy */ = {
			isa = PBXContainerItemProxy;
			containerPortal = 2A9BFD762D1F3CCF00A8F121 /* Project object */;
			proxyType = 1;
			remoteGlobalIDString = 2A9BFD7D2D1F3CCF00A8F121;
			remoteInfo = WritingToolsKeyboard;
		};
		2A9BFDB42D1F3CEC00A8F121 /* PBXContainerItemProxy */ = {
			isa = PBXContainerItemProxy;
			containerPortal = 2A9BFD762D1F3CCF00A8F121 /* Project object */;
			proxyType = 1;
			remoteGlobalIDString = 2A9BFDAE2D1F3CEC00A8F121;
			remoteInfo = WritingToolsKeyboardExt;
		};
/* End PBXContainerItemProxy section */

/* Begin PBXCopyFilesBuildPhase section */
		2A9BFDBB2D1F3CEC00A8F121 /* Embed Foundation Extensions */ = {
			isa = PBXCopyFilesBuildPhase;
			buildActionMask = 2147483647;
			dstPath = "";
			dstSubfolderSpec = 13;
			files = (
				2A9BFDB62D1F3CEC00A8F121 /* WritingToolsKeyboardExt.appex in Embed Foundation Extensions */,
			);
			name = "Embed Foundation Extensions";
			runOnlyForDeploymentPostprocessing = 0;
		};
/* End PBXCopyFilesBuildPhase section */

/* Begin PBXFileReference section */
		2A9BFD7E2D1F3CCF00A8F121 /* WritingToolsKeyboard.app */ = {isa = PBXFileReference; explicitFileType = wrapper.application; includeInIndex = 0; path = WritingToolsKeyboard.app; sourceTree = BUILT_PRODUCTS_DIR; };
		2A9BFD8E2D1F3CD000A8F121 /* WritingToolsKeyboardTests.xctest */ = {isa = PBXFileReference; explicitFileType = wrapper.cfbundle; includeInIndex = 0; path = WritingToolsKeyboardTests.xctest; sourceTree = BUILT_PRODUCTS_DIR; };
		2A9BFD982D1F3CD000A8F121 /* WritingToolsKeyboardUITests.xctest */ = {isa = PBXFileReference; explicitFileType = wrapper.cfbundle; includeInIndex = 0; path = WritingToolsKeyboardUITests.xctest; sourceTree = BUILT_PRODUCTS_DIR; };
		2A9BFDAF2D1F3CEC00A8F121 /* WritingToolsKeyboardExt.appex */ = {isa = PBXFileReference; explicitFileType = "wrapper.app-extension"; includeInIndex = 0; path = WritingToolsKeyboardExt.appex; sourceTree = BUILT_PRODUCTS_DIR; };
/* End PBXFileReference section */

/* Begin PBXFileSystemSynchronizedBuildFileExceptionSet section */
		2A9BFF462D1F4A8C00A8F121 /* Exceptions for "WritingToolsKeyboard" folder in "WritingToolsKeyboard" target */ = {
			isa = PBXFileSystemSynchronizedBuildFileExceptionSet;
			membershipExceptions = (
				App/Info.plist,
			);
			target = 2A9BFD7D2D1F3CCF00A8F121 /* WritingToolsKeyboard */;
		};
		2A9BFF492D1F4B0000A8F121 /* Exceptions for "WritingToolsKeyboardExt" folder in "WritingToolsKeyboardExt" target */ = {
			isa = PBXFileSystemSynchronizedBuildFileExceptionSet;
			membershipExceptions = (
				Resources/Info.plist,
			);
			target = 2A9BFDAE2D1F3CEC00A8F121 /* WritingToolsKeyboardExt */;
		};
/* End PBXFileSystemSynchronizedBuildFileExceptionSet section */

/* Begin PBXFileSystemSynchronizedRootGroup section */
		2A9BFD802D1F3CCF00A8F121 /* WritingToolsKeyboard */ = {
			isa = PBXFileSystemSynchronizedRootGroup;
			exceptions = (
				2A9BFF462D1F4A8C00A8F121 /* Exceptions for "WritingToolsKeyboard" folder in "WritingToolsKeyboard" target */,
			);
			path = WritingToolsKeyboard;
			sourceTree = "<group>";
		};
		2A9BFD912D1F3CD000A8F121 /* WritingToolsKeyboardTests */ = {
			isa = PBXFileSystemSynchronizedRootGroup;
			path = WritingToolsKeyboardTests;
			sourceTree = "<group>";
		};
		2A9BFD9B2D1F3CD000A8F121 /* WritingToolsKeyboardUITests */ = {
			isa = PBXFileSystemSynchronizedRootGroup;
			path = WritingToolsKeyboardUITests;
			sourceTree = "<group>";
		};
		2A9BFDB02D1F3CEC00A8F121 /* WritingToolsKeyboardExt */ = {
			isa = PBXFileSystemSynchronizedRootGroup;
			exceptions = (
				2A9BFF492D1F4B0000A8F121 /* Exceptions for "WritingToolsKeyboardExt" folder in "WritingToolsKeyboardExt" target */,
			);
			path = WritingToolsKeyboardExt;
			sourceTree = "<group>";
		};
		2A9BFF382D1F455400A8F121 /* Shared */ = {
			isa = PBXFileSystemSynchronizedRootGroup;
			path = Shared;
			sourceTree = "<group>";
		};
/* End PBXFileSystemSynchronizedRootGroup section */

/* Begin PBXFrameworksBuildPhase section */
		2A9BFD7B2D1F3CCF00A8F121 /* Frameworks */ = {
			isa = PBXFrameworksBuildPhase;
			buildActionMask = 2147483647;
			files = (
				2AE4C8522D470FC00042EB1F /* MLXLLM in Frameworks */,
				2AE4C84B2D470FA40042EB1F /* MLXFast in Frameworks */,
				2AE4C84D2D470FA40042EB1F /* MLXLinalg in Frameworks */,
				2AE4C8472D470FA40042EB1F /* MLX in Frameworks */,
				2AE4C8562D470FC00042EB1F /* MLXMNIST in Frameworks */,
				2AE4C8582D470FC00042EB1F /* MLXVLM in Frameworks */,
				2AE4C84F2D470FA40042EB1F /* MLXNN in Frameworks */,
				2AE4C8492D470FA40042EB1F /* MLXFFT in Frameworks */,
				2A5B324F2D49A1F3006A5F4D /* MarkdownUI in Frameworks */,
				2AE4C8542D470FC00042EB1F /* MLXLMCommon in Frameworks */,
				2AE4C85A2D470FC00042EB1F /* StableDiffusion in Frameworks */,
			);
			runOnlyForDeploymentPostprocessing = 0;
		};
		2A9BFD8B2D1F3CD000A8F121 /* Frameworks */ = {
			isa = PBXFrameworksBuildPhase;
			buildActionMask = 2147483647;
			files = (
			);
			runOnlyForDeploymentPostprocessing = 0;
		};
		2A9BFD952D1F3CD000A8F121 /* Frameworks */ = {
			isa = PBXFrameworksBuildPhase;
			buildActionMask = 2147483647;
			files = (
			);
			runOnlyForDeploymentPostprocessing = 0;
		};
		2A9BFDAC2D1F3CEC00A8F121 /* Frameworks */ = {
			isa = PBXFrameworksBuildPhase;
			buildActionMask = 2147483647;
			files = (
				2AE4C8662D470FF70042EB1F /* MLXLLM in Frameworks */,
				2AE4C8602D470FD40042EB1F /* MLXFast in Frameworks */,
				2AE4C8622D470FD40042EB1F /* MLXLinalg in Frameworks */,
				2AE4C85C2D470FD40042EB1F /* MLX in Frameworks */,
				2AE4C86A2D470FF70042EB1F /* MLXMNIST in Frameworks */,
				2AE4C86C2D470FF70042EB1F /* MLXVLM in Frameworks */,
				2AE4C8642D470FD40042EB1F /* MLXNN in Frameworks */,
				2AE4C85E2D470FD40042EB1F /* MLXFFT in Frameworks */,
				2AE4C8682D470FF70042EB1F /* MLXLMCommon in Frameworks */,
				2AE4C86E2D470FF70042EB1F /* StableDiffusion in Frameworks */,
			);
			runOnlyForDeploymentPostprocessing = 0;
		};
/* End PBXFrameworksBuildPhase section */

/* Begin PBXGroup section */
		2A9BFD752D1F3CCF00A8F121 = {
			isa = PBXGroup;
			children = (
				2A9BFF382D1F455400A8F121 /* Shared */,
				2A9BFD802D1F3CCF00A8F121 /* WritingToolsKeyboard */,
				2A9BFD912D1F3CD000A8F121 /* WritingToolsKeyboardTests */,
				2A9BFD9B2D1F3CD000A8F121 /* WritingToolsKeyboardUITests */,
				2A9BFDB02D1F3CEC00A8F121 /* WritingToolsKeyboardExt */,
				2A9BFD7F2D1F3CCF00A8F121 /* Products */,
			);
			sourceTree = "<group>";
		};
		2A9BFD7F2D1F3CCF00A8F121 /* Products */ = {
			isa = PBXGroup;
			children = (
				2A9BFD7E2D1F3CCF00A8F121 /* WritingToolsKeyboard.app */,
				2A9BFD8E2D1F3CD000A8F121 /* WritingToolsKeyboardTests.xctest */,
				2A9BFD982D1F3CD000A8F121 /* WritingToolsKeyboardUITests.xctest */,
				2A9BFDAF2D1F3CEC00A8F121 /* WritingToolsKeyboardExt.appex */,
			);
			name = Products;
			sourceTree = "<group>";
		};
/* End PBXGroup section */

/* Begin PBXNativeTarget section */
		2A9BFD7D2D1F3CCF00A8F121 /* WritingToolsKeyboard */ = {
			isa = PBXNativeTarget;
			buildConfigurationList = 2A9BFDA22D1F3CD000A8F121 /* Build configuration list for PBXNativeTarget "WritingToolsKeyboard" */;
			buildPhases = (
				2A9BFD7A2D1F3CCF00A8F121 /* Sources */,
				2A9BFD7B2D1F3CCF00A8F121 /* Frameworks */,
				2A9BFD7C2D1F3CCF00A8F121 /* Resources */,
				2A9BFDBB2D1F3CEC00A8F121 /* Embed Foundation Extensions */,
			);
			buildRules = (
			);
			dependencies = (
				2A9BFDB52D1F3CEC00A8F121 /* PBXTargetDependency */,
			);
			fileSystemSynchronizedGroups = (
				2A9BFD802D1F3CCF00A8F121 /* WritingToolsKeyboard */,
				2A9BFF382D1F455400A8F121 /* Shared */,
			);
			name = WritingToolsKeyboard;
			packageProductDependencies = (
				2AE4C8462D470FA40042EB1F /* MLX */,
				2AE4C8482D470FA40042EB1F /* MLXFFT */,
				2AE4C84A2D470FA40042EB1F /* MLXFast */,
				2AE4C84C2D470FA40042EB1F /* MLXLinalg */,
				2AE4C84E2D470FA40042EB1F /* MLXNN */,
				2AE4C8512D470FC00042EB1F /* MLXLLM */,
				2AE4C8532D470FC00042EB1F /* MLXLMCommon */,
				2AE4C8552D470FC00042EB1F /* MLXMNIST */,
				2AE4C8572D470FC00042EB1F /* MLXVLM */,
				2AE4C8592D470FC00042EB1F /* StableDiffusion */,
				2A5B324E2D49A1F3006A5F4D /* MarkdownUI */,
			);
			productName = WritingToolsKeyboard;
			productReference = 2A9BFD7E2D1F3CCF00A8F121 /* WritingToolsKeyboard.app */;
			productType = "com.apple.product-type.application";
		};
		2A9BFD8D2D1F3CD000A8F121 /* WritingToolsKeyboardTests */ = {
			isa = PBXNativeTarget;
			buildConfigurationList = 2A9BFDA52D1F3CD000A8F121 /* Build configuration list for PBXNativeTarget "WritingToolsKeyboardTests" */;
			buildPhases = (
				2A9BFD8A2D1F3CD000A8F121 /* Sources */,
				2A9BFD8B2D1F3CD000A8F121 /* Frameworks */,
				2A9BFD8C2D1F3CD000A8F121 /* Resources */,
			);
			buildRules = (
			);
			dependencies = (
				2A9BFD902D1F3CD000A8F121 /* PBXTargetDependency */,
			);
			fileSystemSynchronizedGroups = (
				2A9BFD912D1F3CD000A8F121 /* WritingToolsKeyboardTests */,
			);
			name = WritingToolsKeyboardTests;
			packageProductDependencies = (
			);
			productName = WritingToolsKeyboardTests;
			productReference = 2A9BFD8E2D1F3CD000A8F121 /* WritingToolsKeyboardTests.xctest */;
			productType = "com.apple.product-type.bundle.unit-test";
		};
		2A9BFD972D1F3CD000A8F121 /* WritingToolsKeyboardUITests */ = {
			isa = PBXNativeTarget;
			buildConfigurationList = 2A9BFDA82D1F3CD000A8F121 /* Build configuration list for PBXNativeTarget "WritingToolsKeyboardUITests" */;
			buildPhases = (
				2A9BFD942D1F3CD000A8F121 /* Sources */,
				2A9BFD952D1F3CD000A8F121 /* Frameworks */,
				2A9BFD962D1F3CD000A8F121 /* Resources */,
			);
			buildRules = (
			);
			dependencies = (
				2A9BFD9A2D1F3CD000A8F121 /* PBXTargetDependency */,
			);
			fileSystemSynchronizedGroups = (
				2A9BFD9B2D1F3CD000A8F121 /* WritingToolsKeyboardUITests */,
			);
			name = WritingToolsKeyboardUITests;
			packageProductDependencies = (
			);
			productName = WritingToolsKeyboardUITests;
			productReference = 2A9BFD982D1F3CD000A8F121 /* WritingToolsKeyboardUITests.xctest */;
			productType = "com.apple.product-type.bundle.ui-testing";
		};
		2A9BFDAE2D1F3CEC00A8F121 /* WritingToolsKeyboardExt */ = {
			isa = PBXNativeTarget;
			buildConfigurationList = 2A9BFDB82D1F3CEC00A8F121 /* Build configuration list for PBXNativeTarget "WritingToolsKeyboardExt" */;
			buildPhases = (
				2A9BFDAB2D1F3CEC00A8F121 /* Sources */,
				2A9BFDAC2D1F3CEC00A8F121 /* Frameworks */,
				2A9BFDAD2D1F3CEC00A8F121 /* Resources */,
			);
			buildRules = (
			);
			dependencies = (
			);
			fileSystemSynchronizedGroups = (
				2A9BFDB02D1F3CEC00A8F121 /* WritingToolsKeyboardExt */,
				2A9BFF382D1F455400A8F121 /* Shared */,
			);
			name = WritingToolsKeyboardExt;
			packageProductDependencies = (
				2AE4C85B2D470FD40042EB1F /* MLX */,
				2AE4C85D2D470FD40042EB1F /* MLXFFT */,
				2AE4C85F2D470FD40042EB1F /* MLXFast */,
				2AE4C8612D470FD40042EB1F /* MLXLinalg */,
				2AE4C8632D470FD40042EB1F /* MLXNN */,
				2AE4C8652D470FF70042EB1F /* MLXLLM */,
				2AE4C8672D470FF70042EB1F /* MLXLMCommon */,
				2AE4C8692D470FF70042EB1F /* MLXMNIST */,
				2AE4C86B2D470FF70042EB1F /* MLXVLM */,
				2AE4C86D2D470FF70042EB1F /* StableDiffusion */,
			);
			productName = WritingToolsKeyboardExt;
			productReference = 2A9BFDAF2D1F3CEC00A8F121 /* WritingToolsKeyboardExt.appex */;
			productType = "com.apple.product-type.app-extension";
		};
/* End PBXNativeTarget section */

/* Begin PBXProject section */
		2A9BFD762D1F3CCF00A8F121 /* Project object */ = {
			isa = PBXProject;
			attributes = {
				BuildIndependentTargetsInParallel = 1;
				LastSwiftUpdateCheck = 1620;
				LastUpgradeCheck = 1620;
				TargetAttributes = {
					2A9BFD7D2D1F3CCF00A8F121 = {
						CreatedOnToolsVersion = 16.2;
					};
					2A9BFD8D2D1F3CD000A8F121 = {
						CreatedOnToolsVersion = 16.2;
						TestTargetID = 2A9BFD7D2D1F3CCF00A8F121;
					};
					2A9BFD972D1F3CD000A8F121 = {
						CreatedOnToolsVersion = 16.2;
						TestTargetID = 2A9BFD7D2D1F3CCF00A8F121;
					};
					2A9BFDAE2D1F3CEC00A8F121 = {
						CreatedOnToolsVersion = 16.2;
						LastSwiftMigration = 1620;
					};
				};
			};
			buildConfigurationList = 2A9BFD792D1F3CCF00A8F121 /* Build configuration list for PBXProject "WritingToolsKeyboard" */;
			developmentRegion = en;
			hasScannedForEncodings = 0;
			knownRegions = (
				en,
				Base,
			);
			mainGroup = 2A9BFD752D1F3CCF00A8F121;
			minimizedProjectReferenceProxies = 1;
			packageReferences = (
				2AE4C8452D470FA40042EB1F /* XCRemoteSwiftPackageReference "mlx-swift" */,
				2AE4C8502D470FC00042EB1F /* XCRemoteSwiftPackageReference "mlx-swift-examples" */,
				2A5B324D2D49A1F3006A5F4D /* XCRemoteSwiftPackageReference "swift-markdown-ui" */,
			);
			preferredProjectObjectVersion = 77;
			productRefGroup = 2A9BFD7F2D1F3CCF00A8F121 /* Products */;
			projectDirPath = "";
			projectRoot = "";
			targets = (
				2A9BFD7D2D1F3CCF00A8F121 /* WritingToolsKeyboard */,
				2A9BFD8D2D1F3CD000A8F121 /* WritingToolsKeyboardTests */,
				2A9BFD972D1F3CD000A8F121 /* WritingToolsKeyboardUITests */,
				2A9BFDAE2D1F3CEC00A8F121 /* WritingToolsKeyboardExt */,
			);
		};
/* End PBXProject section */

/* Begin PBXResourcesBuildPhase section */
		2A9BFD7C2D1F3CCF00A8F121 /* Resources */ = {
			isa = PBXResourcesBuildPhase;
			buildActionMask = 2147483647;
			files = (
			);
			runOnlyForDeploymentPostprocessing = 0;
		};
		2A9BFD8C2D1F3CD000A8F121 /* Resources */ = {
			isa = PBXResourcesBuildPhase;
			buildActionMask = 2147483647;
			files = (
			);
			runOnlyForDeploymentPostprocessing = 0;
		};
		2A9BFD962D1F3CD000A8F121 /* Resources */ = {
			isa = PBXResourcesBuildPhase;
			buildActionMask = 2147483647;
			files = (
			);
			runOnlyForDeploymentPostprocessing = 0;
		};
		2A9BFDAD2D1F3CEC00A8F121 /* Resources */ = {
			isa = PBXResourcesBuildPhase;
			buildActionMask = 2147483647;
			files = (
			);
			runOnlyForDeploymentPostprocessing = 0;
		};
/* End PBXResourcesBuildPhase section */

/* Begin PBXSourcesBuildPhase section */
		2A9BFD7A2D1F3CCF00A8F121 /* Sources */ = {
			isa = PBXSourcesBuildPhase;
			buildActionMask = 2147483647;
			files = (
			);
			runOnlyForDeploymentPostprocessing = 0;
		};
		2A9BFD8A2D1F3CD000A8F121 /* Sources */ = {
			isa = PBXSourcesBuildPhase;
			buildActionMask = 2147483647;
			files = (
			);
			runOnlyForDeploymentPostprocessing = 0;
		};
		2A9BFD942D1F3CD000A8F121 /* Sources */ = {
			isa = PBXSourcesBuildPhase;
			buildActionMask = 2147483647;
			files = (
			);
			runOnlyForDeploymentPostprocessing = 0;
		};
		2A9BFDAB2D1F3CEC00A8F121 /* Sources */ = {
			isa = PBXSourcesBuildPhase;
			buildActionMask = 2147483647;
			files = (
			);
			runOnlyForDeploymentPostprocessing = 0;
		};
/* End PBXSourcesBuildPhase section */

/* Begin PBXTargetDependency section */
		2A9BFD902D1F3CD000A8F121 /* PBXTargetDependency */ = {
			isa = PBXTargetDependency;
			target = 2A9BFD7D2D1F3CCF00A8F121 /* WritingToolsKeyboard */;
			targetProxy = 2A9BFD8F2D1F3CD000A8F121 /* PBXContainerItemProxy */;
		};
		2A9BFD9A2D1F3CD000A8F121 /* PBXTargetDependency */ = {
			isa = PBXTargetDependency;
			target = 2A9BFD7D2D1F3CCF00A8F121 /* WritingToolsKeyboard */;
			targetProxy = 2A9BFD992D1F3CD000A8F121 /* PBXContainerItemProxy */;
		};
		2A9BFDB52D1F3CEC00A8F121 /* PBXTargetDependency */ = {
			isa = PBXTargetDependency;
			target = 2A9BFDAE2D1F3CEC00A8F121 /* WritingToolsKeyboardExt */;
			targetProxy = 2A9BFDB42D1F3CEC00A8F121 /* PBXContainerItemProxy */;
		};
/* End PBXTargetDependency section */

/* Begin XCBuildConfiguration section */
		2A9BFDA02D1F3CD000A8F121 /* Debug */ = {
			isa = XCBuildConfiguration;
			buildSettings = {
				ALWAYS_SEARCH_USER_PATHS = NO;
				ASSETCATALOG_COMPILER_GENERATE_SWIFT_ASSET_SYMBOL_EXTENSIONS = YES;
				CLANG_ANALYZER_NONNULL = YES;
				CLANG_ANALYZER_NUMBER_OBJECT_CONVERSION = YES_AGGRESSIVE;
				CLANG_CXX_LANGUAGE_STANDARD = "gnu++20";
				CLANG_ENABLE_MODULES = YES;
				CLANG_ENABLE_OBJC_ARC = YES;
				CLANG_ENABLE_OBJC_WEAK = YES;
				CLANG_WARN_BLOCK_CAPTURE_AUTORELEASING = YES;
				CLANG_WARN_BOOL_CONVERSION = YES;
				CLANG_WARN_COMMA = YES;
				CLANG_WARN_CONSTANT_CONVERSION = YES;
				CLANG_WARN_DEPRECATED_OBJC_IMPLEMENTATIONS = YES;
				CLANG_WARN_DIRECT_OBJC_ISA_USAGE = YES_ERROR;
				CLANG_WARN_DOCUMENTATION_COMMENTS = YES;
				CLANG_WARN_EMPTY_BODY = YES;
				CLANG_WARN_ENUM_CONVERSION = YES;
				CLANG_WARN_INFINITE_RECURSION = YES;
				CLANG_WARN_INT_CONVERSION = YES;
				CLANG_WARN_NON_LITERAL_NULL_CONVERSION = YES;
				CLANG_WARN_OBJC_IMPLICIT_RETAIN_SELF = YES;
				CLANG_WARN_OBJC_LITERAL_CONVERSION = YES;
				CLANG_WARN_OBJC_ROOT_CLASS = YES_ERROR;
				CLANG_WARN_QUOTED_INCLUDE_IN_FRAMEWORK_HEADER = YES;
				CLANG_WARN_RANGE_LOOP_ANALYSIS = YES;
				CLANG_WARN_STRICT_PROTOTYPES = YES;
				CLANG_WARN_SUSPICIOUS_MOVE = YES;
				CLANG_WARN_UNGUARDED_AVAILABILITY = YES_AGGRESSIVE;
				CLANG_WARN_UNREACHABLE_CODE = YES;
				CLANG_WARN__DUPLICATE_METHOD_MATCH = YES;
				COPY_PHASE_STRIP = NO;
				DEBUG_INFORMATION_FORMAT = dwarf;
				ENABLE_STRICT_OBJC_MSGSEND = YES;
				ENABLE_TESTABILITY = YES;
				ENABLE_USER_SCRIPT_SANDBOXING = YES;
				GCC_C_LANGUAGE_STANDARD = gnu17;
				GCC_DYNAMIC_NO_PIC = NO;
				GCC_NO_COMMON_BLOCKS = YES;
				GCC_OPTIMIZATION_LEVEL = 0;
				GCC_PREPROCESSOR_DEFINITIONS = (
					"DEBUG=1",
					"$(inherited)",
				);
				GCC_WARN_64_TO_32_BIT_CONVERSION = YES;
				GCC_WARN_ABOUT_RETURN_TYPE = YES_ERROR;
				GCC_WARN_UNDECLARED_SELECTOR = YES;
				GCC_WARN_UNINITIALIZED_AUTOS = YES_AGGRESSIVE;
				GCC_WARN_UNUSED_FUNCTION = YES;
				GCC_WARN_UNUSED_VARIABLE = YES;
				IPHONEOS_DEPLOYMENT_TARGET = 18.2;
				LOCALIZATION_PREFERS_STRING_CATALOGS = YES;
				MTL_ENABLE_DEBUG_INFO = INCLUDE_SOURCE;
				MTL_FAST_MATH = YES;
				ONLY_ACTIVE_ARCH = NO;
				SDKROOT = iphoneos;
				SWIFT_ACTIVE_COMPILATION_CONDITIONS = "DEBUG $(inherited)";
				SWIFT_OPTIMIZATION_LEVEL = "-Onone";
			};
			name = Debug;
		};
		2A9BFDA12D1F3CD000A8F121 /* Release */ = {
			isa = XCBuildConfiguration;
			buildSettings = {
				ALWAYS_SEARCH_USER_PATHS = NO;
				ASSETCATALOG_COMPILER_GENERATE_SWIFT_ASSET_SYMBOL_EXTENSIONS = YES;
				CLANG_ANALYZER_NONNULL = YES;
				CLANG_ANALYZER_NUMBER_OBJECT_CONVERSION = YES_AGGRESSIVE;
				CLANG_CXX_LANGUAGE_STANDARD = "gnu++20";
				CLANG_ENABLE_MODULES = YES;
				CLANG_ENABLE_OBJC_ARC = YES;
				CLANG_ENABLE_OBJC_WEAK = YES;
				CLANG_WARN_BLOCK_CAPTURE_AUTORELEASING = YES;
				CLANG_WARN_BOOL_CONVERSION = YES;
				CLANG_WARN_COMMA = YES;
				CLANG_WARN_CONSTANT_CONVERSION = YES;
				CLANG_WARN_DEPRECATED_OBJC_IMPLEMENTATIONS = YES;
				CLANG_WARN_DIRECT_OBJC_ISA_USAGE = YES_ERROR;
				CLANG_WARN_DOCUMENTATION_COMMENTS = YES;
				CLANG_WARN_EMPTY_BODY = YES;
				CLANG_WARN_ENUM_CONVERSION = YES;
				CLANG_WARN_INFINITE_RECURSION = YES;
				CLANG_WARN_INT_CONVERSION = YES;
				CLANG_WARN_NON_LITERAL_NULL_CONVERSION = YES;
				CLANG_WARN_OBJC_IMPLICIT_RETAIN_SELF = YES;
				CLANG_WARN_OBJC_LITERAL_CONVERSION = YES;
				CLANG_WARN_OBJC_ROOT_CLASS = YES_ERROR;
				CLANG_WARN_QUOTED_INCLUDE_IN_FRAMEWORK_HEADER = YES;
				CLANG_WARN_RANGE_LOOP_ANALYSIS = YES;
				CLANG_WARN_STRICT_PROTOTYPES = YES;
				CLANG_WARN_SUSPICIOUS_MOVE = YES;
				CLANG_WARN_UNGUARDED_AVAILABILITY = YES_AGGRESSIVE;
				CLANG_WARN_UNREACHABLE_CODE = YES;
				CLANG_WARN__DUPLICATE_METHOD_MATCH = YES;
				COPY_PHASE_STRIP = NO;
				DEBUG_INFORMATION_FORMAT = "dwarf-with-dsym";
				ENABLE_NS_ASSERTIONS = NO;
				ENABLE_STRICT_OBJC_MSGSEND = YES;
				ENABLE_USER_SCRIPT_SANDBOXING = YES;
				GCC_C_LANGUAGE_STANDARD = gnu17;
				GCC_NO_COMMON_BLOCKS = YES;
				GCC_WARN_64_TO_32_BIT_CONVERSION = YES;
				GCC_WARN_ABOUT_RETURN_TYPE = YES_ERROR;
				GCC_WARN_UNDECLARED_SELECTOR = YES;
				GCC_WARN_UNINITIALIZED_AUTOS = YES_AGGRESSIVE;
				GCC_WARN_UNUSED_FUNCTION = YES;
				GCC_WARN_UNUSED_VARIABLE = YES;
				IPHONEOS_DEPLOYMENT_TARGET = 18.2;
				LOCALIZATION_PREFERS_STRING_CATALOGS = YES;
				MTL_ENABLE_DEBUG_INFO = NO;
				MTL_FAST_MATH = YES;
				ONLY_ACTIVE_ARCH = YES;
				SDKROOT = iphoneos;
				SWIFT_COMPILATION_MODE = wholemodule;
				VALIDATE_PRODUCT = YES;
			};
			name = Release;
		};
		2A9BFDA32D1F3CD000A8F121 /* Debug */ = {
			isa = XCBuildConfiguration;
			buildSettings = {
				ASSETCATALOG_COMPILER_APPICON_NAME = AppIcon;
				ASSETCATALOG_COMPILER_GLOBAL_ACCENT_COLOR_NAME = AccentColor;
				CODE_SIGN_ENTITLEMENTS = WritingToolsKeyboard/WritingToolsKeyboard.entitlements;
				CODE_SIGN_STYLE = Automatic;
				CURRENT_PROJECT_VERSION = 3;
				DEVELOPMENT_ASSET_PATHS = "\"WritingToolsKeyboard/Preview Content\"";
				DEVELOPMENT_TEAM = MK2V998W66;
				ENABLE_PREVIEWS = YES;
				GENERATE_INFOPLIST_FILE = NO;
				INFOPLIST_FILE = "$(SRCROOT)/WritingToolsKeyboard/App/Info.plist";
				INFOPLIST_KEY_CFBundleDisplayName = "WritingTools AI Keyboard";
				INFOPLIST_KEY_LSApplicationCategoryType = "public.app-category.utilities";
				INFOPLIST_KEY_UIApplicationSceneManifest_Generation = YES;
				INFOPLIST_KEY_UIApplicationSupportsIndirectInputEvents = YES;
				INFOPLIST_KEY_UILaunchScreen_Generation = YES;
				INFOPLIST_KEY_UISupportedInterfaceOrientations_iPad = "UIInterfaceOrientationPortrait UIInterfaceOrientationPortraitUpsideDown UIInterfaceOrientationLandscapeLeft UIInterfaceOrientationLandscapeRight";
				INFOPLIST_KEY_UISupportedInterfaceOrientations_iPhone = "UIInterfaceOrientationPortrait UIInterfaceOrientationLandscapeLeft UIInterfaceOrientationLandscapeRight";
				IPHONEOS_DEPLOYMENT_TARGET = 17.0;
				LD_RUNPATH_SEARCH_PATHS = (
					"$(inherited)",
					"@executable_path/Frameworks",
				);
				MARKETING_VERSION = 1.0.1;
				PRODUCT_BUNDLE_IDENTIFIER = com.aryamirsepasi.WritingToolsKeyboard;
				PRODUCT_NAME = "$(TARGET_NAME)";
				SUPPORTED_PLATFORMS = "iphoneos iphonesimulator";
				SUPPORTS_MACCATALYST = NO;
				SUPPORTS_MAC_DESIGNED_FOR_IPHONE_IPAD = NO;
				SUPPORTS_XR_DESIGNED_FOR_IPHONE_IPAD = NO;
				SWIFT_EMIT_LOC_STRINGS = YES;
				SWIFT_VERSION = 5.0;
				TARGETED_DEVICE_FAMILY = 1;
			};
			name = Debug;
		};
		2A9BFDA42D1F3CD000A8F121 /* Release */ = {
			isa = XCBuildConfiguration;
			buildSettings = {
				ASSETCATALOG_COMPILER_APPICON_NAME = AppIcon;
				ASSETCATALOG_COMPILER_GLOBAL_ACCENT_COLOR_NAME = AccentColor;
				CODE_SIGN_ENTITLEMENTS = WritingToolsKeyboard/WritingToolsKeyboard.entitlements;
				CODE_SIGN_STYLE = Automatic;
				CURRENT_PROJECT_VERSION = 3;
				DEVELOPMENT_ASSET_PATHS = "\"WritingToolsKeyboard/Preview Content\"";
				DEVELOPMENT_TEAM = MK2V998W66;
				ENABLE_PREVIEWS = YES;
				GENERATE_INFOPLIST_FILE = NO;
				INFOPLIST_FILE = "$(SRCROOT)/WritingToolsKeyboard/App/Info.plist";
				INFOPLIST_KEY_CFBundleDisplayName = "WritingTools AI Keyboard";
				INFOPLIST_KEY_LSApplicationCategoryType = "public.app-category.utilities";
				INFOPLIST_KEY_UIApplicationSceneManifest_Generation = YES;
				INFOPLIST_KEY_UIApplicationSupportsIndirectInputEvents = YES;
				INFOPLIST_KEY_UILaunchScreen_Generation = YES;
				INFOPLIST_KEY_UISupportedInterfaceOrientations_iPad = "UIInterfaceOrientationPortrait UIInterfaceOrientationPortraitUpsideDown UIInterfaceOrientationLandscapeLeft UIInterfaceOrientationLandscapeRight";
				INFOPLIST_KEY_UISupportedInterfaceOrientations_iPhone = "UIInterfaceOrientationPortrait UIInterfaceOrientationLandscapeLeft UIInterfaceOrientationLandscapeRight";
				IPHONEOS_DEPLOYMENT_TARGET = 17.0;
				LD_RUNPATH_SEARCH_PATHS = (
					"$(inherited)",
					"@executable_path/Frameworks",
				);
				MARKETING_VERSION = 1.0.1;
				PRODUCT_BUNDLE_IDENTIFIER = com.aryamirsepasi.WritingToolsKeyboard;
				PRODUCT_NAME = "$(TARGET_NAME)";
				SUPPORTED_PLATFORMS = "iphoneos iphonesimulator";
				SUPPORTS_MACCATALYST = NO;
				SUPPORTS_MAC_DESIGNED_FOR_IPHONE_IPAD = NO;
				SUPPORTS_XR_DESIGNED_FOR_IPHONE_IPAD = NO;
				SWIFT_EMIT_LOC_STRINGS = YES;
				SWIFT_VERSION = 5.0;
				TARGETED_DEVICE_FAMILY = 1;
			};
			name = Release;
		};
		2A9BFDA62D1F3CD000A8F121 /* Debug */ = {
			isa = XCBuildConfiguration;
			buildSettings = {
				BUNDLE_LOADER = "$(TEST_HOST)";
				CODE_SIGN_STYLE = Automatic;
				CURRENT_PROJECT_VERSION = 1;
				DEVELOPMENT_TEAM = MK2V998W66;
				GENERATE_INFOPLIST_FILE = NO;
				IPHONEOS_DEPLOYMENT_TARGET = 18.2;
				MARKETING_VERSION = 1.0;
				PRODUCT_BUNDLE_IDENTIFIER = com.aryamirsepasi.WritingToolsKeyboardTests;
				PRODUCT_NAME = "$(TARGET_NAME)";
				SWIFT_EMIT_LOC_STRINGS = NO;
				SWIFT_VERSION = 5.0;
				TARGETED_DEVICE_FAMILY = "1,2";
				TEST_HOST = "$(BUILT_PRODUCTS_DIR)/WritingToolsKeyboard.app/$(BUNDLE_EXECUTABLE_FOLDER_PATH)/WritingToolsKeyboard";
			};
			name = Debug;
		};
		2A9BFDA72D1F3CD000A8F121 /* Release */ = {
			isa = XCBuildConfiguration;
			buildSettings = {
				BUNDLE_LOADER = "$(TEST_HOST)";
				CODE_SIGN_STYLE = Automatic;
				CURRENT_PROJECT_VERSION = 1;
				DEVELOPMENT_TEAM = MK2V998W66;
				GENERATE_INFOPLIST_FILE = NO;
				IPHONEOS_DEPLOYMENT_TARGET = 18.2;
				MARKETING_VERSION = 1.0;
				PRODUCT_BUNDLE_IDENTIFIER = com.aryamirsepasi.WritingToolsKeyboardTests;
				PRODUCT_NAME = "$(TARGET_NAME)";
				SWIFT_EMIT_LOC_STRINGS = NO;
				SWIFT_VERSION = 5.0;
				TARGETED_DEVICE_FAMILY = "1,2";
				TEST_HOST = "$(BUILT_PRODUCTS_DIR)/WritingToolsKeyboard.app/$(BUNDLE_EXECUTABLE_FOLDER_PATH)/WritingToolsKeyboard";
			};
			name = Release;
		};
		2A9BFDA92D1F3CD000A8F121 /* Debug */ = {
			isa = XCBuildConfiguration;
			buildSettings = {
				CODE_SIGN_STYLE = Automatic;
				CURRENT_PROJECT_VERSION = 1;
				DEVELOPMENT_TEAM = MK2V998W66;
				GENERATE_INFOPLIST_FILE = NO;
				MARKETING_VERSION = 1.0;
				PRODUCT_BUNDLE_IDENTIFIER = com.aryamirsepasi.WritingToolsKeyboardUITests;
				PRODUCT_NAME = "$(TARGET_NAME)";
				SWIFT_EMIT_LOC_STRINGS = NO;
				SWIFT_VERSION = 5.0;
				TARGETED_DEVICE_FAMILY = "1,2";
				TEST_TARGET_NAME = WritingToolsKeyboard;
			};
			name = Debug;
		};
		2A9BFDAA2D1F3CD000A8F121 /* Release */ = {
			isa = XCBuildConfiguration;
			buildSettings = {
				CODE_SIGN_STYLE = Automatic;
				CURRENT_PROJECT_VERSION = 1;
				DEVELOPMENT_TEAM = MK2V998W66;
				GENERATE_INFOPLIST_FILE = NO;
				MARKETING_VERSION = 1.0;
				PRODUCT_BUNDLE_IDENTIFIER = com.aryamirsepasi.WritingToolsKeyboardUITests;
				PRODUCT_NAME = "$(TARGET_NAME)";
				SWIFT_EMIT_LOC_STRINGS = NO;
				SWIFT_VERSION = 5.0;
				TARGETED_DEVICE_FAMILY = "1,2";
				TEST_TARGET_NAME = WritingToolsKeyboard;
			};
			name = Release;
		};
		2A9BFDB92D1F3CEC00A8F121 /* Debug */ = {
			isa = XCBuildConfiguration;
			buildSettings = {
				CLANG_ENABLE_MODULES = YES;
				CODE_SIGN_ENTITLEMENTS = WritingToolsKeyboardExt/WritingToolsKeyboardExt.entitlements;
				CODE_SIGN_STYLE = Automatic;
				CURRENT_PROJECT_VERSION = 1;
				DEVELOPMENT_TEAM = MK2V998W66;
				GENERATE_INFOPLIST_FILE = NO;
				INFOPLIST_FILE = "$(SRCROOT)/WritingToolsKeyboardExt/Resources/Info.plist";
				INFOPLIST_KEY_CFBundleDisplayName = WritingToolsKeyboardExt;
				INFOPLIST_KEY_NSHumanReadableCopyright = "";
				LD_RUNPATH_SEARCH_PATHS = (
					"$(inherited)",
					"@executable_path/Frameworks",
					"@executable_path/../../Frameworks",
				);
				MARKETING_VERSION = 1.0;
				PRODUCT_BUNDLE_IDENTIFIER = com.aryamirsepasi.WritingToolsKeyboard.WritingToolsKeyboardExt;
				PRODUCT_NAME = "$(TARGET_NAME)";
				SKIP_INSTALL = YES;
				SWIFT_EMIT_LOC_STRINGS = YES;
				SWIFT_OBJC_BRIDGING_HEADER = "WritingToolsKeyboardExt/Controller/WritingToolsKeyboardExt-Bridging-Header.h";
				SWIFT_OPTIMIZATION_LEVEL = "-Onone";
				SWIFT_VERSION = 5.0;
				TARGETED_DEVICE_FAMILY = "1,2";
			};
			name = Debug;
		};
		2A9BFDBA2D1F3CEC00A8F121 /* Release */ = {
			isa = XCBuildConfiguration;
			buildSettings = {
				CLANG_ENABLE_MODULES = YES;
				CODE_SIGN_ENTITLEMENTS = WritingToolsKeyboardExt/WritingToolsKeyboardExt.entitlements;
				CODE_SIGN_STYLE = Automatic;
				CURRENT_PROJECT_VERSION = 1;
				DEVELOPMENT_TEAM = MK2V998W66;
				GENERATE_INFOPLIST_FILE = NO;
				INFOPLIST_FILE = "$(SRCROOT)/WritingToolsKeyboardExt/Resources/Info.plist";
				INFOPLIST_KEY_CFBundleDisplayName = WritingToolsKeyboardExt;
				INFOPLIST_KEY_NSHumanReadableCopyright = "";
				LD_RUNPATH_SEARCH_PATHS = (
					"$(inherited)",
					"@executable_path/Frameworks",
					"@executable_path/../../Frameworks",
				);
				MARKETING_VERSION = 1.0;
				PRODUCT_BUNDLE_IDENTIFIER = com.aryamirsepasi.WritingToolsKeyboard.WritingToolsKeyboardExt;
				PRODUCT_NAME = "$(TARGET_NAME)";
				SKIP_INSTALL = YES;
				SWIFT_EMIT_LOC_STRINGS = YES;
				SWIFT_OBJC_BRIDGING_HEADER = "WritingToolsKeyboardExt/Controller/WritingToolsKeyboardExt-Bridging-Header.h";
				SWIFT_VERSION = 5.0;
				TARGETED_DEVICE_FAMILY = "1,2";
			};
			name = Release;
		};
/* End XCBuildConfiguration section */

/* Begin XCConfigurationList section */
		2A9BFD792D1F3CCF00A8F121 /* Build configuration list for PBXProject "WritingToolsKeyboard" */ = {
			isa = XCConfigurationList;
			buildConfigurations = (
				2A9BFDA02D1F3CD000A8F121 /* Debug */,
				2A9BFDA12D1F3CD000A8F121 /* Release */,
			);
			defaultConfigurationIsVisible = 0;
			defaultConfigurationName = Release;
		};
		2A9BFDA22D1F3CD000A8F121 /* Build configuration list for PBXNativeTarget "WritingToolsKeyboard" */ = {
			isa = XCConfigurationList;
			buildConfigurations = (
				2A9BFDA32D1F3CD000A8F121 /* Debug */,
				2A9BFDA42D1F3CD000A8F121 /* Release */,
			);
			defaultConfigurationIsVisible = 0;
			defaultConfigurationName = Release;
		};
		2A9BFDA52D1F3CD000A8F121 /* Build configuration list for PBXNativeTarget "WritingToolsKeyboardTests" */ = {
			isa = XCConfigurationList;
			buildConfigurations = (
				2A9BFDA62D1F3CD000A8F121 /* Debug */,
				2A9BFDA72D1F3CD000A8F121 /* Release */,
			);
			defaultConfigurationIsVisible = 0;
			defaultConfigurationName = Release;
		};
		2A9BFDA82D1F3CD000A8F121 /* Build configuration list for PBXNativeTarget "WritingToolsKeyboardUITests" */ = {
			isa = XCConfigurationList;
			buildConfigurations = (
				2A9BFDA92D1F3CD000A8F121 /* Debug */,
				2A9BFDAA2D1F3CD000A8F121 /* Release */,
			);
			defaultConfigurationIsVisible = 0;
			defaultConfigurationName = Release;
		};
		2A9BFDB82D1F3CEC00A8F121 /* Build configuration list for PBXNativeTarget "WritingToolsKeyboardExt" */ = {
			isa = XCConfigurationList;
			buildConfigurations = (
				2A9BFDB92D1F3CEC00A8F121 /* Debug */,
				2A9BFDBA2D1F3CEC00A8F121 /* Release */,
			);
			defaultConfigurationIsVisible = 0;
			defaultConfigurationName = Release;
		};
/* End XCConfigurationList section */

/* Begin XCRemoteSwiftPackageReference section */
		2A5B324D2D49A1F3006A5F4D /* XCRemoteSwiftPackageReference "swift-markdown-ui" */ = {
			isa = XCRemoteSwiftPackageReference;
			repositoryURL = "https://github.com/gonzalezreal/swift-markdown-ui";
			requirement = {
				kind = upToNextMajorVersion;
				minimumVersion = 2.4.1;
			};
		};
		2AE4C8452D470FA40042EB1F /* XCRemoteSwiftPackageReference "mlx-swift" */ = {
			isa = XCRemoteSwiftPackageReference;
			repositoryURL = "https://github.com/ml-explore/mlx-swift";
			requirement = {
				kind = upToNextMajorVersion;
				minimumVersion = 0.21.2;
			};
		};
		2AE4C8502D470FC00042EB1F /* XCRemoteSwiftPackageReference "mlx-swift-examples" */ = {
			isa = XCRemoteSwiftPackageReference;
			repositoryURL = "https://github.com/ml-explore/mlx-swift-examples/";
			requirement = {
				kind = upToNextMajorVersion;
				minimumVersion = 2.21.2;
			};
		};
/* End XCRemoteSwiftPackageReference section */

/* Begin XCSwiftPackageProductDependency section */
		2A5B324E2D49A1F3006A5F4D /* MarkdownUI */ = {
			isa = XCSwiftPackageProductDependency;
			package = 2A5B324D2D49A1F3006A5F4D /* XCRemoteSwiftPackageReference "swift-markdown-ui" */;
			productName = MarkdownUI;
		};
		2AE4C8462D470FA40042EB1F /* MLX */ = {
			isa = XCSwiftPackageProductDependency;
			package = 2AE4C8452D470FA40042EB1F /* XCRemoteSwiftPackageReference "mlx-swift" */;
			productName = MLX;
		};
		2AE4C8482D470FA40042EB1F /* MLXFFT */ = {
			isa = XCSwiftPackageProductDependency;
			package = 2AE4C8452D470FA40042EB1F /* XCRemoteSwiftPackageReference "mlx-swift" */;
			productName = MLXFFT;
		};
		2AE4C84A2D470FA40042EB1F /* MLXFast */ = {
			isa = XCSwiftPackageProductDependency;
			package = 2AE4C8452D470FA40042EB1F /* XCRemoteSwiftPackageReference "mlx-swift" */;
			productName = MLXFast;
		};
		2AE4C84C2D470FA40042EB1F /* MLXLinalg */ = {
			isa = XCSwiftPackageProductDependency;
			package = 2AE4C8452D470FA40042EB1F /* XCRemoteSwiftPackageReference "mlx-swift" */;
			productName = MLXLinalg;
		};
		2AE4C84E2D470FA40042EB1F /* MLXNN */ = {
			isa = XCSwiftPackageProductDependency;
			package = 2AE4C8452D470FA40042EB1F /* XCRemoteSwiftPackageReference "mlx-swift" */;
			productName = MLXNN;
		};
		2AE4C8512D470FC00042EB1F /* MLXLLM */ = {
			isa = XCSwiftPackageProductDependency;
			package = 2AE4C8502D470FC00042EB1F /* XCRemoteSwiftPackageReference "mlx-swift-examples" */;
			productName = MLXLLM;
		};
		2AE4C8532D470FC00042EB1F /* MLXLMCommon */ = {
			isa = XCSwiftPackageProductDependency;
			package = 2AE4C8502D470FC00042EB1F /* XCRemoteSwiftPackageReference "mlx-swift-examples" */;
			productName = MLXLMCommon;
		};
		2AE4C8552D470FC00042EB1F /* MLXMNIST */ = {
			isa = XCSwiftPackageProductDependency;
			package = 2AE4C8502D470FC00042EB1F /* XCRemoteSwiftPackageReference "mlx-swift-examples" */;
			productName = MLXMNIST;
		};
		2AE4C8572D470FC00042EB1F /* MLXVLM */ = {
			isa = XCSwiftPackageProductDependency;
			package = 2AE4C8502D470FC00042EB1F /* XCRemoteSwiftPackageReference "mlx-swift-examples" */;
			productName = MLXVLM;
		};
		2AE4C8592D470FC00042EB1F /* StableDiffusion */ = {
			isa = XCSwiftPackageProductDependency;
			package = 2AE4C8502D470FC00042EB1F /* XCRemoteSwiftPackageReference "mlx-swift-examples" */;
			productName = StableDiffusion;
		};
		2AE4C85B2D470FD40042EB1F /* MLX */ = {
			isa = XCSwiftPackageProductDependency;
			package = 2AE4C8452D470FA40042EB1F /* XCRemoteSwiftPackageReference "mlx-swift" */;
			productName = MLX;
		};
		2AE4C85D2D470FD40042EB1F /* MLXFFT */ = {
			isa = XCSwiftPackageProductDependency;
			package = 2AE4C8452D470FA40042EB1F /* XCRemoteSwiftPackageReference "mlx-swift" */;
			productName = MLXFFT;
		};
		2AE4C85F2D470FD40042EB1F /* MLXFast */ = {
			isa = XCSwiftPackageProductDependency;
			package = 2AE4C8452D470FA40042EB1F /* XCRemoteSwiftPackageReference "mlx-swift" */;
			productName = MLXFast;
		};
		2AE4C8612D470FD40042EB1F /* MLXLinalg */ = {
			isa = XCSwiftPackageProductDependency;
			package = 2AE4C8452D470FA40042EB1F /* XCRemoteSwiftPackageReference "mlx-swift" */;
			productName = MLXLinalg;
		};
		2AE4C8632D470FD40042EB1F /* MLXNN */ = {
			isa = XCSwiftPackageProductDependency;
			package = 2AE4C8452D470FA40042EB1F /* XCRemoteSwiftPackageReference "mlx-swift" */;
			productName = MLXNN;
		};
		2AE4C8652D470FF70042EB1F /* MLXLLM */ = {
			isa = XCSwiftPackageProductDependency;
			package = 2AE4C8502D470FC00042EB1F /* XCRemoteSwiftPackageReference "mlx-swift-examples" */;
			productName = MLXLLM;
		};
		2AE4C8672D470FF70042EB1F /* MLXLMCommon */ = {
			isa = XCSwiftPackageProductDependency;
			package = 2AE4C8502D470FC00042EB1F /* XCRemoteSwiftPackageReference "mlx-swift-examples" */;
			productName = MLXLMCommon;
		};
		2AE4C8692D470FF70042EB1F /* MLXMNIST */ = {
			isa = XCSwiftPackageProductDependency;
			package = 2AE4C8502D470FC00042EB1F /* XCRemoteSwiftPackageReference "mlx-swift-examples" */;
			productName = MLXMNIST;
		};
		2AE4C86B2D470FF70042EB1F /* MLXVLM */ = {
			isa = XCSwiftPackageProductDependency;
			package = 2AE4C8502D470FC00042EB1F /* XCRemoteSwiftPackageReference "mlx-swift-examples" */;
			productName = MLXVLM;
		};
		2AE4C86D2D470FF70042EB1F /* StableDiffusion */ = {
			isa = XCSwiftPackageProductDependency;
			package = 2AE4C8502D470FC00042EB1F /* XCRemoteSwiftPackageReference "mlx-swift-examples" */;
			productName = StableDiffusion;
		};
/* End XCSwiftPackageProductDependency section */
	};
	rootObject = 2A9BFD762D1F3CCF00A8F121 /* Project object */;
}
